
Microsoft Visual Studio Solution File, Format Version 12.00
# Visual Studio Version 17
VisualStudioVersion = 17.6.33815.320
MinimumVisualStudioVersion = 10.0.40219.1
Project("{FAE04EC0-301F-11D3-BF4B-00C04F79EFBC}") = "ereditarietà", "ereditarietà\ereditarietà.csproj", "{AC35BD7A-8AB9-4CF0-921C-C0A5B9513BE5}"
EndProject
Global
	GlobalSection(SolutionConfigurationPlatforms) = preSolution
		Debug|Any CPU = Debug|Any CPU
		Release|Any CPU = Release|Any CPU
	EndGlobalSection
	GlobalSection(ProjectConfigurationPlatforms) = postSolution
		{AC35BD7A-8AB9-4CF0-921C-C0A5B9513BE5}.Debug|Any CPU.ActiveCfg = Debug|Any CPU
		{AC35BD7A-8AB9-4CF0-921C-C0A5B9513BE5}.Debug|Any CPU.Build.0 = Debug|Any CPU
		{AC35BD7A-8AB9-4CF0-921C-C0A5B9513BE5}.Release|Any CPU.ActiveCfg = Release|Any CPU
		{AC35BD7A-8AB9-4CF0-921C-C0A5B9513BE5}.Release|Any CPU.Build.0 = Release|Any CPU
	EndGlobalSection
	GlobalSection(SolutionProperties) = preSolution
		HideSolutionNode = FALSE
	EndGlobalSection
	GlobalSection(ExtensibilityGlobals) = postSolution
		SolutionGuid = {EA3EFEC6-F4F3-4A19-BB73-2200EFFA0D60}
	EndGlobalSection
EndGlobal
